
Microsoft Visual Studio Solution File, Format Version 12.00
# Visual Studio Version 16
VisualStudioVersion = 16.0.31005.135
MinimumVisualStudioVersion = 10.0.40219.1
Project("{9A19103F-16F7-4668-BE54-9A1E7A4F7556}") = "Boxer.Console", "Boxer.Console\Boxer.Console.csproj", "{850DDECF-8981-4195-896E-3A61178D7AD2}"
EndProject
Project("{9A19103F-16F7-4668-BE54-9A1E7A4F7556}") = "Boxer.Library", "Boxer.Library\Boxer.Library.csproj", "{95688BF0-B403-4751-9838-E4E7865DB3C7}"
EndProject
Project("{9A19103F-16F7-4668-BE54-9A1E7A4F7556}") = "Boxer.Packers", "Boxer.Packers\Boxer.Packers.csproj", "{67EDA86C-B382-4EEF-81DA-D442D9F84162}"
EndProject
Global
	GlobalSection(SolutionConfigurationPlatforms) = preSolution
		Debug|Any CPU = Debug|Any CPU
		Release|Any CPU = Release|Any CPU
	EndGlobalSection
	GlobalSection(ProjectConfigurationPlatforms) = postSolution
		{850DDECF-8981-4195-896E-3A61178D7AD2}.Debug|Any CPU.ActiveCfg = Debug|Any CPU
		{850DDECF-8981-4195-896E-3A61178D7AD2}.Debug|Any CPU.Build.0 = Debug|Any CPU
		{850DDECF-8981-4195-896E-3A61178D7AD2}.Release|Any CPU.ActiveCfg = Release|Any CPU
		{850DDECF-8981-4195-896E-3A61178D7AD2}.Release|Any CPU.Build.0 = Release|Any CPU
		{95688BF0-B403-4751-9838-E4E7865DB3C7}.Debug|Any CPU.ActiveCfg = Debug|Any CPU
		{95688BF0-B403-4751-9838-E4E7865DB3C7}.Debug|Any CPU.Build.0 = Debug|Any CPU
		{95688BF0-B403-4751-9838-E4E7865DB3C7}.Release|Any CPU.ActiveCfg = Release|Any CPU
		{95688BF0-B403-4751-9838-E4E7865DB3C7}.Release|Any CPU.Build.0 = Release|Any CPU
		{67EDA86C-B382-4EEF-81DA-D442D9F84162}.Debug|Any CPU.ActiveCfg = Debug|Any CPU
		{67EDA86C-B382-4EEF-81DA-D442D9F84162}.Debug|Any CPU.Build.0 = Debug|Any CPU
		{67EDA86C-B382-4EEF-81DA-D442D9F84162}.Release|Any CPU.ActiveCfg = Release|Any CPU
		{67EDA86C-B382-4EEF-81DA-D442D9F84162}.Release|Any CPU.Build.0 = Release|Any CPU
	EndGlobalSection
	GlobalSection(SolutionProperties) = preSolution
		HideSolutionNode = FALSE
	EndGlobalSection
	GlobalSection(ExtensibilityGlobals) = postSolution
		SolutionGuid = {BE263AE3-B5E8-45FC-AF3C-25559847668E}
	EndGlobalSection
EndGlobal
